
Microsoft Visual Studio Solution File, Format Version 12.00
# Visual Studio Version 17
VisualStudioVersion = 17.6.33815.320
MinimumVisualStudioVersion = 10.0.40219.1
Project("{8BC9CEB8-8B4A-11D0-8D11-00A0C91BC942}") = "directx engine yes", "directx engine yes\directx engine yes.vcxproj", "{24D9BB28-D689-4E63-9882-AC44B1E584FB}"
EndProject
Global
	GlobalSection(SolutionConfigurationPlatforms) = preSolution
		Debug|x64 = Debug|x64
		Debug|x86 = Debug|x86
		Release|x64 = Release|x64
		Release|x86 = Release|x86
	EndGlobalSection
	GlobalSection(ProjectConfigurationPlatforms) = postSolution
		{24D9BB28-D689-4E63-9882-AC44B1E584FB}.Debug|x64.ActiveCfg = Debug|x64
		{24D9BB28-D689-4E63-9882-AC44B1E584FB}.Debug|x64.Build.0 = Debug|x64
		{24D9BB28-D689-4E63-9882-AC44B1E584FB}.Debug|x86.ActiveCfg = Debug|Win32
		{24D9BB28-D689-4E63-9882-AC44B1E584FB}.Debug|x86.Build.0 = Debug|Win32
		{24D9BB28-D689-4E63-9882-AC44B1E584FB}.Release|x64.ActiveCfg = Release|x64
		{24D9BB28-D689-4E63-9882-AC44B1E584FB}.Release|x64.Build.0 = Release|x64
		{24D9BB28-D689-4E63-9882-AC44B1E584FB}.Release|x86.ActiveCfg = Release|Win32
		{24D9BB28-D689-4E63-9882-AC44B1E584FB}.Release|x86.Build.0 = Release|Win32
	EndGlobalSection
	GlobalSection(SolutionProperties) = preSolution
		HideSolutionNode = FALSE
	EndGlobalSection
	GlobalSection(ExtensibilityGlobals) = postSolution
		SolutionGuid = {8B95CE02-FF7F-4615-A76E-1DDDEB920063}
	EndGlobalSection
EndGlobal
